
Microsoft Visual Studio Solution File, Format Version 12.00
# Visual Studio Version 16
VisualStudioVersion = 16.0.29721.120
MinimumVisualStudioVersion = 10.0.40219.1
Project("{9A19103F-16F7-4668-BE54-9A1E7A4F7556}") = "Home.DotCom", "src\Home.DotCom\Home.DotCom.csproj", "{1D2F6D07-8D92-4CB6-897E-C6E40AE4EEB6}"
EndProject
Project("{FAE04EC0-301F-11D3-BF4B-00C04F79EFBC}") = "Home.DotNet", "Home.DotNet\Home.DotNet.csproj", "{753AAA4C-C559-4908-906F-625A1420480C}"
EndProject
Global
	GlobalSection(SolutionConfigurationPlatforms) = preSolution
		Debug|Any CPU = Debug|Any CPU
		Release|Any CPU = Release|Any CPU
	EndGlobalSection
	GlobalSection(ProjectConfigurationPlatforms) = postSolution
		{1D2F6D07-8D92-4CB6-897E-C6E40AE4EEB6}.Debug|Any CPU.ActiveCfg = Debug|Any CPU
		{1D2F6D07-8D92-4CB6-897E-C6E40AE4EEB6}.Debug|Any CPU.Build.0 = Debug|Any CPU
		{1D2F6D07-8D92-4CB6-897E-C6E40AE4EEB6}.Release|Any CPU.ActiveCfg = Release|Any CPU
		{1D2F6D07-8D92-4CB6-897E-C6E40AE4EEB6}.Release|Any CPU.Build.0 = Release|Any CPU
		{753AAA4C-C559-4908-906F-625A1420480C}.Debug|Any CPU.ActiveCfg = Debug|Any CPU
		{753AAA4C-C559-4908-906F-625A1420480C}.Debug|Any CPU.Build.0 = Debug|Any CPU
		{753AAA4C-C559-4908-906F-625A1420480C}.Release|Any CPU.ActiveCfg = Release|Any CPU
		{753AAA4C-C559-4908-906F-625A1420480C}.Release|Any CPU.Build.0 = Release|Any CPU
	EndGlobalSection
	GlobalSection(SolutionProperties) = preSolution
		HideSolutionNode = FALSE
	EndGlobalSection
	GlobalSection(ExtensibilityGlobals) = postSolution
		SolutionGuid = {A7C1FE3C-FAE7-47A8-BF58-9EE6A44AD339}
	EndGlobalSection
EndGlobal
